{
  "version": 4,
  "terraform_version": "0.12.25",
  "serial": 20,
  "lineage": "c1982988-310d-a02b-ce6a-78cdacfc9cab",
  "outputs": {
    "demo_instance_ip": {
      "value": "192.168.0.4",
      "type": "string"
    },
    "demo_instance_public_ip": {
      "value": "52.166.241.210",
      "type": "string"
    },
    "mssql_connect_string": {
      "value": "Server=tcp:sqlserver-06qrl.database.windows.net Database=testmssqldb;User ID=mssqladmin;Password=P@s$w0rd!;Trusted_Connection=False;Encrypt=True;",
      "type": "string"
    },
    "mssql_failover_fqdn": {
      "value": "sqlserver-failover-group-06qrl.database.windows.net",
      "type": "string"
    },
    "mssql_fqdn": {
      "value": "sqlserver-06qrl.database.windows.net",
      "type": "string"
    }
  },
  "resources": [
    {
      "mode": "managed",
      "type": "azurerm_network_interface",
      "name": "testmssql-instance",
      "provider": "provider.azurerm",
      "instances": [
        {
          "schema_version": 0,
          "attributes": {
            "applied_dns_servers": [],
            "dns_servers": [],
            "enable_accelerated_networking": false,
            "enable_ip_forwarding": false,
            "id": "/subscriptions/53e27966-3c0c-4161-9b47-3df43eabc630/resourceGroups/testmssql/providers/Microsoft.Network/networkInterfaces/testmssql-instance1",
            "internal_dns_name_label": "",
            "internal_fqdn": "",
            "ip_configuration": [
              {
                "application_gateway_backend_address_pools_ids": [],
                "application_security_group_ids": [],
                "load_balancer_backend_address_pools_ids": [],
                "load_balancer_inbound_nat_rules_ids": [],
                "name": "instance1",
                "primary": true,
                "private_ip_address": "",
                "private_ip_address_allocation": "dynamic",
                "private_ip_address_version": "IPv4",
                "public_ip_address_id": "/subscriptions/53e27966-3c0c-4161-9b47-3df43eabc630/resourceGroups/testmssql/providers/Microsoft.Network/publicIPAddresses/instance1-public-ip",
                "subnet_id": "/subscriptions/53e27966-3c0c-4161-9b47-3df43eabc630/resourceGroups/testmssql/providers/Microsoft.Network/virtualNetworks/testmssql-network/subnets/testmssql-internal-1"
              }
            ],
            "location": "westeurope",
            "mac_address": "00-0D-3A-AE-04-C2",
            "name": "testmssql-instance1",
            "network_security_group_id": "/subscriptions/53e27966-3c0c-4161-9b47-3df43eabc630/resourceGroups/testmssql/providers/Microsoft.Network/networkSecurityGroups/testmssql-allow-ssh",
            "private_ip_address": "192.168.0.4",
            "private_ip_addresses": [
              "192.168.0.4"
            ],
            "resource_group_name": "testmssql",
            "tags": {},
            "virtual_machine_id": "/subscriptions/53e27966-3c0c-4161-9b47-3df43eabc630/resourceGroups/testmssql/providers/Microsoft.Compute/virtualMachines/testmssql-vm"
          },
          "private": "bnVsbA==",
          "dependencies": [
            "azurerm_network_security_group.allow-ssh",
            "azurerm_public_ip.testmssql-instance",
            "azurerm_resource_group.testmssql",
            "azurerm_subnet.testmssql-internal-1",
            "azurerm_virtual_network.testmssql"
          ]
        }
      ]
    },
    {
      "mode": "managed",
      "type": "azurerm_network_security_group",
      "name": "allow-ssh",
      "provider": "provider.azurerm",
      "instances": [
        {
          "schema_version": 0,
          "attributes": {
            "id": "/subscriptions/53e27966-3c0c-4161-9b47-3df43eabc630/resourceGroups/testmssql/providers/Microsoft.Network/networkSecurityGroups/testmssql-allow-ssh",
            "location": "westeurope",
            "name": "testmssql-allow-ssh",
            "resource_group_name": "testmssql",
            "security_rule": [
              {
                "access": "Allow",
                "description": "",
                "destination_address_prefix": "*",
                "destination_address_prefixes": [],
                "destination_application_security_group_ids": [],
                "destination_port_range": "22",
                "destination_port_ranges": [],
                "direction": "Inbound",
                "name": "SSH",
                "priority": 300,
                "protocol": "Tcp",
                "source_address_prefix": "*",
                "source_address_prefixes": [],
                "source_application_security_group_ids": [],
                "source_port_range": "*",
                "source_port_ranges": []
              }
            ],
            "tags": {}
          },
          "private": "bnVsbA==",
          "dependencies": [
            "azurerm_resource_group.testmssql"
          ]
        }
      ]
    },
    {
      "mode": "managed",
      "type": "azurerm_public_ip",
      "name": "testmssql-instance",
      "provider": "provider.azurerm",
      "instances": [
        {
          "schema_version": 0,
          "attributes": {
            "allocation_method": "Dynamic",
            "domain_name_label": null,
            "fqdn": null,
            "id": "/subscriptions/53e27966-3c0c-4161-9b47-3df43eabc630/resourceGroups/testmssql/providers/Microsoft.Network/publicIPAddresses/instance1-public-ip",
            "idle_timeout_in_minutes": 4,
            "ip_address": "52.166.241.210",
            "ip_version": "IPv4",
            "location": "westeurope",
            "name": "instance1-public-ip",
            "public_ip_address_allocation": "Dynamic",
            "public_ip_prefix_id": null,
            "resource_group_name": "testmssql",
            "reverse_fqdn": null,
            "sku": "Basic",
            "tags": {},
            "zones": []
          },
          "private": "bnVsbA==",
          "dependencies": [
            "azurerm_resource_group.testmssql"
          ]
        }
      ]
    },
    {
      "mode": "managed",
      "type": "azurerm_resource_group",
      "name": "testmssql",
      "provider": "provider.azurerm",
      "instances": [
        {
          "schema_version": 0,
          "attributes": {
            "id": "/subscriptions/53e27966-3c0c-4161-9b47-3df43eabc630/resourceGroups/testmssql",
            "location": "westeurope",
            "name": "testmssql",
            "tags": {}
          },
          "private": "bnVsbA=="
        }
      ]
    },
    {
      "mode": "managed",
      "type": "azurerm_sql_database",
      "name": "training",
      "provider": "provider.azurerm",
      "instances": [
        {
          "schema_version": 0,
          "attributes": {
            "collation": "SQL_Latin1_General_CP1_CI_AS",
            "create_mode": "Default",
            "creation_date": "2020-05-25T11:39:22.893Z",
            "default_secondary_location": "North Europe",
            "edition": "Standard",
            "elastic_pool_name": "",
            "encryption": "",
            "id": "/subscriptions/53e27966-3c0c-4161-9b47-3df43eabc630/resourceGroups/testmssql/providers/Microsoft.Sql/servers/sqlserver-06qrl/databases/testmssqldb",
            "import": [],
            "location": "westeurope",
            "max_size_bytes": "268435456000",
            "name": "testmssqldb",
            "read_scale": false,
            "requested_service_objective_id": "1b1ebd4d-d903-4baa-97f9-4ea675f5e928",
            "requested_service_objective_name": "S1",
            "resource_group_name": "testmssql",
            "restore_point_in_time": null,
            "server_name": "sqlserver-06qrl",
            "source_database_deletion_date": null,
            "source_database_id": null,
            "tags": {},
            "threat_detection_policy": [
              {
                "disabled_alerts": [],
                "email_account_admins": "Disabled",
                "email_addresses": [],
                "retention_days": 0,
                "state": "Disabled",
                "storage_account_access_key": "",
                "storage_endpoint": "",
                "use_server_default": "Disabled"
              }
            ]
          },
          "private": "bnVsbA==",
          "dependencies": [
            "azurerm_resource_group.testmssql",
            "azurerm_sql_server.testmssql",
            "random_string.random-name"
          ]
        }
      ]
    },
    {
      "mode": "managed",
      "type": "azurerm_sql_failover_group",
      "name": "failover",
      "provider": "provider.azurerm",
      "instances": [
        {
          "schema_version": 0,
          "attributes": {
            "databases": [
              "/subscriptions/53e27966-3c0c-4161-9b47-3df43eabc630/resourceGroups/testmssql/providers/Microsoft.Sql/servers/sqlserver-06qrl/databases/testmssqldb"
            ],
            "id": "/subscriptions/53e27966-3c0c-4161-9b47-3df43eabc630/resourceGroups/testmssql/providers/Microsoft.Sql/servers/sqlserver-06qrl/failoverGroups/sqlserver-failover-group-06qrl",
            "location": "westeurope",
            "name": "sqlserver-failover-group-06qrl",
            "partner_servers": [
              {
                "id": "/subscriptions/53e27966-3c0c-4161-9b47-3df43eabc630/resourceGroups/testmssql/providers/Microsoft.Sql/servers/sqlserver-s06qrl",
                "location": "UK South",
                "role": "Secondary"
              }
            ],
            "read_write_endpoint_failover_policy": [
              {
                "grace_minutes": 60,
                "mode": "Automatic"
              }
            ],
            "readonly_endpoint_failover_policy": [
              {
                "mode": "Disabled"
              }
            ],
            "resource_group_name": "testmssql",
            "role": "Primary",
            "server_name": "sqlserver-06qrl",
            "tags": {}
          },
          "private": "bnVsbA==",
          "dependencies": [
            "azurerm_resource_group.testmssql",
            "azurerm_sql_database.training",
            "azurerm_sql_server.testmssql",
            "azurerm_sql_server.testmssql-secondary",
            "random_string.random-name"
          ]
        }
      ]
    },
    {
      "mode": "managed",
      "type": "azurerm_sql_firewall_rule",
      "name": "testmssql-allow-testmssql-instance",
      "provider": "provider.azurerm",
      "instances": [
        {
          "schema_version": 0,
          "attributes": {
            "end_ip_address": "192.168.0.4",
            "id": "/subscriptions/53e27966-3c0c-4161-9b47-3df43eabc630/resourceGroups/testmssql/providers/Microsoft.Sql/servers/sqlserver-06qrl/firewallRules/mssql-testmssql-instance",
            "name": "mssql-testmssql-instance",
            "resource_group_name": "testmssql",
            "server_name": "sqlserver-06qrl",
            "start_ip_address": "192.168.0.4"
          },
          "private": "bnVsbA==",
          "dependencies": [
            "azurerm_network_interface.testmssql-instance",
            "azurerm_network_security_group.allow-ssh",
            "azurerm_public_ip.testmssql-instance",
            "azurerm_resource_group.testmssql",
            "azurerm_sql_server.testmssql",
            "azurerm_subnet.testmssql-internal-1",
            "azurerm_virtual_network.testmssql",
            "random_string.random-name"
          ]
        }
      ]
    },
    {
      "mode": "managed",
      "type": "azurerm_sql_server",
      "name": "testmssql",
      "provider": "provider.azurerm",
      "instances": [
        {
          "schema_version": 0,
          "attributes": {
            "administrator_login": "mssqladmin",
            "administrator_login_password": "P@s$w0rd!",
            "fully_qualified_domain_name": "sqlserver-06qrl.database.windows.net",
            "id": "/subscriptions/53e27966-3c0c-4161-9b47-3df43eabc630/resourceGroups/testmssql/providers/Microsoft.Sql/servers/sqlserver-06qrl",
            "location": "westeurope",
            "name": "sqlserver-06qrl",
            "resource_group_name": "testmssql",
            "tags": {},
            "version": "12.0"
          },
          "private": "bnVsbA==",
          "dependencies": [
            "azurerm_resource_group.testmssql",
            "random_string.random-name"
          ]
        }
      ]
    },
    {
      "mode": "managed",
      "type": "azurerm_sql_server",
      "name": "testmssql-secondary",
      "provider": "provider.azurerm",
      "instances": [
        {
          "schema_version": 0,
          "attributes": {
            "administrator_login": "mssqladmin",
            "administrator_login_password": "P@s$w0rd!",
            "fully_qualified_domain_name": "sqlserver-s06qrl.database.windows.net",
            "id": "/subscriptions/53e27966-3c0c-4161-9b47-3df43eabc630/resourceGroups/testmssql/providers/Microsoft.Sql/servers/sqlserver-s06qrl",
            "location": "uksouth",
            "name": "sqlserver-s06qrl",
            "resource_group_name": "testmssql",
            "tags": {},
            "version": "12.0"
          },
          "private": "bnVsbA==",
          "dependencies": [
            "azurerm_resource_group.testmssql",
            "random_string.random-name"
          ]
        }
      ]
    },
    {
      "mode": "managed",
      "type": "azurerm_sql_virtual_network_rule",
      "name": "testmssql-database-subnet-vnet-rule",
      "provider": "provider.azurerm",
      "instances": [
        {
          "schema_version": 0,
          "attributes": {
            "id": "/subscriptions/53e27966-3c0c-4161-9b47-3df43eabc630/resourceGroups/testmssql/providers/Microsoft.Sql/servers/sqlserver-06qrl/virtualNetworkRules/mssql-vnet-rule",
            "ignore_missing_vnet_service_endpoint": false,
            "name": "mssql-vnet-rule",
            "resource_group_name": "testmssql",
            "server_name": "sqlserver-06qrl",
            "subnet_id": "/subscriptions/53e27966-3c0c-4161-9b47-3df43eabc630/resourceGroups/testmssql/providers/Microsoft.Network/virtualNetworks/testmssql-network/subnets/testmssql-database-1"
          },
          "private": "bnVsbA==",
          "dependencies": [
            "azurerm_resource_group.testmssql",
            "azurerm_sql_server.testmssql",
            "azurerm_subnet.testmssql-database-1",
            "azurerm_virtual_network.testmssql",
            "random_string.random-name"
          ]
        }
      ]
    },
    {
      "mode": "managed",
      "type": "azurerm_sql_virtual_network_rule",
      "name": "testmssql-subnet-vnet-rule",
      "provider": "provider.azurerm",
      "instances": [
        {
          "schema_version": 0,
          "attributes": {
            "id": "/subscriptions/53e27966-3c0c-4161-9b47-3df43eabc630/resourceGroups/testmssql/providers/Microsoft.Sql/servers/sqlserver-06qrl/virtualNetworkRules/mssql-testmssql-subnet-vnet-rule",
            "ignore_missing_vnet_service_endpoint": false,
            "name": "mssql-testmssql-subnet-vnet-rule",
            "resource_group_name": "testmssql",
            "server_name": "sqlserver-06qrl",
            "subnet_id": "/subscriptions/53e27966-3c0c-4161-9b47-3df43eabc630/resourceGroups/testmssql/providers/Microsoft.Network/virtualNetworks/testmssql-network/subnets/testmssql-internal-1"
          },
          "private": "bnVsbA==",
          "dependencies": [
            "azurerm_resource_group.testmssql",
            "azurerm_sql_server.testmssql",
            "azurerm_subnet.testmssql-internal-1",
            "azurerm_virtual_network.testmssql",
            "random_string.random-name"
          ]
        }
      ]
    },
    {
      "mode": "managed",
      "type": "azurerm_subnet",
      "name": "testmssql-database-1",
      "provider": "provider.azurerm",
      "instances": [
        {
          "schema_version": 0,
          "attributes": {
            "address_prefix": "192.168.1.0/24",
            "delegation": [],
            "id": "/subscriptions/53e27966-3c0c-4161-9b47-3df43eabc630/resourceGroups/testmssql/providers/Microsoft.Network/virtualNetworks/testmssql-network/subnets/testmssql-database-1",
            "ip_configurations": [],
            "name": "testmssql-database-1",
            "network_security_group_id": "",
            "resource_group_name": "testmssql",
            "route_table_id": "",
            "service_endpoints": [
              "Microsoft.Sql"
            ],
            "virtual_network_name": "testmssql-network"
          },
          "private": "bnVsbA==",
          "dependencies": [
            "azurerm_resource_group.testmssql",
            "azurerm_virtual_network.testmssql"
          ]
        }
      ]
    },
    {
      "mode": "managed",
      "type": "azurerm_subnet",
      "name": "testmssql-internal-1",
      "provider": "provider.azurerm",
      "instances": [
        {
          "schema_version": 0,
          "attributes": {
            "address_prefix": "192.168.0.0/24",
            "delegation": [],
            "id": "/subscriptions/53e27966-3c0c-4161-9b47-3df43eabc630/resourceGroups/testmssql/providers/Microsoft.Network/virtualNetworks/testmssql-network/subnets/testmssql-internal-1",
            "ip_configurations": [
              "/subscriptions/53e27966-3c0c-4161-9b47-3df43eabc630/resourceGroups/testmssql/providers/Microsoft.Network/networkInterfaces/testmssql-instance1/ipConfigurations/instance1"
            ],
            "name": "testmssql-internal-1",
            "network_security_group_id": "",
            "resource_group_name": "testmssql",
            "route_table_id": "",
            "service_endpoints": [
              "Microsoft.Sql"
            ],
            "virtual_network_name": "testmssql-network"
          },
          "private": "bnVsbA==",
          "dependencies": [
            "azurerm_resource_group.testmssql",
            "azurerm_virtual_network.testmssql"
          ]
        }
      ]
    },
    {
      "mode": "managed",
      "type": "azurerm_virtual_machine",
      "name": "testmssql-instance",
      "provider": "provider.azurerm",
      "instances": [
        {
          "schema_version": 0,
          "attributes": {
            "additional_capabilities": [],
            "availability_set_id": null,
            "boot_diagnostics": [],
            "delete_data_disks_on_termination": true,
            "delete_os_disk_on_termination": true,
            "id": "/subscriptions/53e27966-3c0c-4161-9b47-3df43eabc630/resourceGroups/testmssql/providers/Microsoft.Compute/virtualMachines/testmssql-vm",
            "identity": [],
            "license_type": null,
            "location": "westeurope",
            "name": "testmssql-vm",
            "network_interface_ids": [
              "/subscriptions/53e27966-3c0c-4161-9b47-3df43eabc630/resourceGroups/testmssql/providers/Microsoft.Network/networkInterfaces/testmssql-instance1"
            ],
            "os_profile": [
              {
                "admin_password": "",
                "admin_username": "linuxusr",
                "computer_name": "mssql-instance",
                "custom_data": ""
              }
            ],
            "os_profile_linux_config": [
              {
                "disable_password_authentication": true,
                "ssh_keys": [
                  {
                    "key_data": "---- BEGIN SSH2 PUBLIC KEY ----\r\nComment: \"rsa-key-20200518\"\r\nAAAAB3NzaC1yc2EAAAABJQAAAQEAiudpX3pNZszPf5FTn64acsEzegMyGEIRV0PT\r\njKpZKoWqbNcm6ky8fKu1c3nbzVciNewftYqOkTn8zflP7AahKxKiB5qD2rUgMgdM\r\nKMapBUAfxN4LlPQgFUdtPR5R4xV5ka5ti95+x5hsh8XrafnH3gzNSWXbQTaP/ZW0\r\nU/b/5d8hJCLM6v1n49kAx1jB/lAE8lD8UWQb9+FTdjOZCfyYvsttTIy4oDr0HWKw\r\nhFsgVFM+yMPlg2rUyOThmhXJOg78mQgXT5Aq4g9kxzrT8KHl5GnFk20knYRMOmZg\r\niyU8iTABdJdurS4Ar5zmdWpt5Sdn5XE6/nX+26udDXzSkia03Q==\r\n---- END SSH2 PUBLIC KEY ----\r\n",
                    "path": "/home/linuxusr/.ssh/authorized_keys"
                  }
                ]
              }
            ],
            "os_profile_secrets": [],
            "os_profile_windows_config": [],
            "plan": [],
            "primary_network_interface_id": null,
            "proximity_placement_group_id": null,
            "resource_group_name": "testmssql",
            "storage_data_disk": [],
            "storage_image_reference": [
              {
                "id": "",
                "offer": "UbuntuServer",
                "publisher": "Canonical",
                "sku": "18.04-LTS",
                "version": "latest"
              }
            ],
            "storage_os_disk": [
              {
                "caching": "ReadWrite",
                "create_option": "FromImage",
                "disk_size_gb": 30,
                "image_uri": "",
                "managed_disk_id": "/subscriptions/53e27966-3c0c-4161-9b47-3df43eabc630/resourceGroups/TESTMSSQL/providers/Microsoft.Compute/disks/myosdisk1",
                "managed_disk_type": "Standard_LRS",
                "name": "myosdisk1",
                "os_type": "Linux",
                "vhd_uri": "",
                "write_accelerator_enabled": false
              }
            ],
            "tags": {},
            "vm_size": "Standard_A1_v2",
            "zones": []
          },
          "private": "bnVsbA==",
          "dependencies": [
            "azurerm_network_interface.testmssql-instance",
            "azurerm_network_security_group.allow-ssh",
            "azurerm_public_ip.testmssql-instance",
            "azurerm_resource_group.testmssql",
            "azurerm_subnet.testmssql-internal-1",
            "azurerm_virtual_network.testmssql"
          ]
        }
      ]
    },
    {
      "mode": "managed",
      "type": "azurerm_virtual_network",
      "name": "testmssql",
      "provider": "provider.azurerm",
      "instances": [
        {
          "schema_version": 0,
          "attributes": {
            "address_space": [
              "192.168.0.0/16"
            ],
            "ddos_protection_plan": [],
            "dns_servers": [],
            "id": "/subscriptions/53e27966-3c0c-4161-9b47-3df43eabc630/resourceGroups/testmssql/providers/Microsoft.Network/virtualNetworks/testmssql-network",
            "location": "westeurope",
            "name": "testmssql-network",
            "resource_group_name": "testmssql",
            "subnet": [
              {
                "address_prefix": "192.168.0.0/24",
                "id": "/subscriptions/53e27966-3c0c-4161-9b47-3df43eabc630/resourceGroups/testmssql/providers/Microsoft.Network/virtualNetworks/testmssql-network/subnets/testmssql-internal-1",
                "name": "testmssql-internal-1",
                "security_group": ""
              },
              {
                "address_prefix": "192.168.1.0/24",
                "id": "/subscriptions/53e27966-3c0c-4161-9b47-3df43eabc630/resourceGroups/testmssql/providers/Microsoft.Network/virtualNetworks/testmssql-network/subnets/testmssql-database-1",
                "name": "testmssql-database-1",
                "security_group": ""
              }
            ],
            "tags": {}
          },
          "private": "bnVsbA==",
          "dependencies": [
            "azurerm_resource_group.testmssql"
          ]
        }
      ]
    },
    {
      "mode": "managed",
      "type": "random_string",
      "name": "random-name",
      "provider": "provider.random",
      "instances": [
        {
          "schema_version": 1,
          "attributes": {
            "id": "06qrl",
            "keepers": null,
            "length": 5,
            "lower": true,
            "min_lower": 0,
            "min_numeric": 0,
            "min_special": 0,
            "min_upper": 0,
            "number": true,
            "override_special": null,
            "result": "06qrl",
            "special": false,
            "upper": false
          },
          "private": "eyJzY2hlbWFfdmVyc2lvbiI6IjEifQ=="
        }
      ]
    }
  ]
}
